// !$*UTF8*$!
{
	archiveVersion = 1;
	classes = {
	};
	objectVersion = 55;
	objects = {

/* Begin PBXBuildFile section */
		B1D24C4828C01D7000C2A79E /* WarCardUIApp.swift in Sources */ = {isa = PBXBuildFile; fileRef = B1D24C4728C01D7000C2A79E /* WarCardUIApp.swift */; };
		B1D24C4A28C01D7000C2A79E /* ContentView.swift in Sources */ = {isa = PBXBuildFile; fileRef = B1D24C4928C01D7000C2A79E /* ContentView.swift */; };
		B1D24C4C28C01D7200C2A79E /* Assets.xcassets in Resources */ = {isa = PBXBuildFile; fileRef = B1D24C4B28C01D7200C2A79E /* Assets.xcassets */; };
		B1D24C4F28C01D7200C2A79E /* Preview Assets.xcassets in Resources */ = {isa = PBXBuildFile; fileRef = B1D24C4E28C01D7200C2A79E /* Preview Assets.xcassets */; };
		B1D24C5928C01D7200C2A79E /* WarCardUITests.swift in Sources */ = {isa = PBXBuildFile; fileRef = B1D24C5828C01D7200C2A79E /* WarCardUITests.swift */; };
		B1D24C6328C01D7200C2A79E /* WarCardUIUITests.swift in Sources */ = {isa = PBXBuildFile; fileRef = B1D24C6228C01D7200C2A79E /* WarCardUIUITests.swift */; };
		B1D24C6528C01D7300C2A79E /* WarCardUIUITestsLaunchTests.swift in Sources */ = {isa = PBXBuildFile; fileRef = B1D24C6428C01D7300C2A79E /* WarCardUIUITestsLaunchTests.swift */; };
/* End PBXBuildFile section */

/* Begin PBXContainerItemProxy section */
		B1D24C5528C01D7200C2A79E /* PBXContainerItemProxy */ = {
			isa = PBXContainerItemProxy;
			containerPortal = B1D24C3C28C01D7000C2A79E /* Project object */;
			proxyType = 1;
			remoteGlobalIDString = B1D24C4328C01D7000C2A79E;
			remoteInfo = WarCardUI;
		};
		B1D24C5F28C01D7200C2A79E /* PBXContainerItemProxy */ = {
			isa = PBXContainerItemProxy;
			containerPortal = B1D24C3C28C01D7000C2A79E /* Project object */;
			proxyType = 1;
			remoteGlobalIDString = B1D24C4328C01D7000C2A79E;
			remoteInfo = WarCardUI;
		};
/* End PBXContainerItemProxy section */

/* Begin PBXFileReference section */
		B1D24C4428C01D7000C2A79E /* WarCardUI.app */ = {isa = PBXFileReference; explicitFileType = wrapper.application; includeInIndex = 0; path = WarCardUI.app; sourceTree = BUILT_PRODUCTS_DIR; };
		B1D24C4728C01D7000C2A79E /* WarCardUIApp.swift */ = {isa = PBXFileReference; lastKnownFileType = sourcecode.swift; path = WarCardUIApp.swift; sourceTree = "<group>"; };
		B1D24C4928C01D7000C2A79E /* ContentView.swift */ = {isa = PBXFileReference; lastKnownFileType = sourcecode.swift; path = ContentView.swift; sourceTree = "<group>"; };
		B1D24C4B28C01D7200C2A79E /* Assets.xcassets */ = {isa = PBXFileReference; lastKnownFileType = folder.assetcatalog; path = Assets.xcassets; sourceTree = "<group>"; };
		B1D24C4E28C01D7200C2A79E /* Preview Assets.xcassets */ = {isa = PBXFileReference; lastKnownFileType = folder.assetcatalog; path = "Preview Assets.xcassets"; sourceTree = "<group>"; };
		B1D24C5428C01D7200C2A79E /* WarCardUITests.xctest */ = {isa = PBXFileReference; explicitFileType = wrapper.cfbundle; includeInIndex = 0; path = WarCardUITests.xctest; sourceTree = BUILT_PRODUCTS_DIR; };
		B1D24C5828C01D7200C2A79E /* WarCardUITests.swift */ = {isa = PBXFileReference; lastKnownFileType = sourcecode.swift; path = WarCardUITests.swift; sourceTree = "<group>"; };
		B1D24C5E28C01D7200C2A79E /* WarCardUIUITests.xctest */ = {isa = PBXFileReference; explicitFileType = wrapper.cfbundle; includeInIndex = 0; path = WarCardUIUITests.xctest; sourceTree = BUILT_PRODUCTS_DIR; };
		B1D24C6228C01D7200C2A79E /* WarCardUIUITests.swift */ = {isa = PBXFileReference; lastKnownFileType = sourcecode.swift; path = WarCardUIUITests.swift; sourceTree = "<group>"; };
		B1D24C6428C01D7300C2A79E /* WarCardUIUITestsLaunchTests.swift */ = {isa = PBXFileReference; lastKnownFileType = sourcecode.swift; path = WarCardUIUITestsLaunchTests.swift; sourceTree = "<group>"; };
/* End PBXFileReference section */

/* Begin PBXFrameworksBuildPhase section */
		B1D24C4128C01D7000C2A79E /* Frameworks */ = {
			isa = PBXFrameworksBuildPhase;
			buildActionMask = 2147483647;
			files = (
			);
			runOnlyForDeploymentPostprocessing = 0;
		};
		B1D24C5128C01D7200C2A79E /* Frameworks */ = {
			isa = PBXFrameworksBuildPhase;
			buildActionMask = 2147483647;
			files = (
			);
			runOnlyForDeploymentPostprocessing = 0;
		};
		B1D24C5B28C01D7200C2A79E /* Frameworks */ = {
			isa = PBXFrameworksBuildPhase;
			buildActionMask = 2147483647;
			files = (
			);
			runOnlyForDeploymentPostprocessing = 0;
		};
/* End PBXFrameworksBuildPhase section */

/* Begin PBXGroup section */
		B1D24C3B28C01D7000C2A79E = {
			isa = PBXGroup;
			children = (
				B1D24C4628C01D7000C2A79E /* WarCardUI */,
				B1D24C5728C01D7200C2A79E /* WarCardUITests */,
				B1D24C6128C01D7200C2A79E /* WarCardUIUITests */,
				B1D24C4528C01D7000C2A79E /* Products */,
			);
			sourceTree = "<group>";
		};
		B1D24C4528C01D7000C2A79E /* Products */ = {
			isa = PBXGroup;
			children = (
				B1D24C4428C01D7000C2A79E /* WarCardUI.app */,
				B1D24C5428C01D7200C2A79E /* WarCardUITests.xctest */,
				B1D24C5E28C01D7200C2A79E /* WarCardUIUITests.xctest */,
			);
			name = Products;
			sourceTree = "<group>";
		};
		B1D24C4628C01D7000C2A79E /* WarCardUI */ = {
			isa = PBXGroup;
			children = (
				B1D24C4728C01D7000C2A79E /* WarCardUIApp.swift */,
				B1D24C4928C01D7000C2A79E /* ContentView.swift */,
				B1D24C4B28C01D7200C2A79E /* Assets.xcassets */,
				B1D24C4D28C01D7200C2A79E /* Preview Content */,
			);
			path = WarCardUI;
			sourceTree = "<group>";
		};
		B1D24C4D28C01D7200C2A79E /* Preview Content */ = {
			isa = PBXGroup;
			children = (
				B1D24C4E28C01D7200C2A79E /* Preview Assets.xcassets */,
			);
			path = "Preview Content";
			sourceTree = "<group>";
		};
		B1D24C5728C01D7200C2A79E /* WarCardUITests */ = {
			isa = PBXGroup;
			children = (
				B1D24C5828C01D7200C2A79E /* WarCardUITests.swift */,
			);
			path = WarCardUITests;
			sourceTree = "<group>";
		};
		B1D24C6128C01D7200C2A79E /* WarCardUIUITests */ = {
			isa = PBXGroup;
			children = (
				B1D24C6228C01D7200C2A79E /* WarCardUIUITests.swift */,
				B1D24C6428C01D7300C2A79E /* WarCardUIUITestsLaunchTests.swift */,
			);
			path = WarCardUIUITests;
			sourceTree = "<group>";
		};
/* End PBXGroup section */

/* Begin PBXNativeTarget section */
		B1D24C4328C01D7000C2A79E /* WarCardUI */ = {
			isa = PBXNativeTarget;
			buildConfigurationList = B1D24C6828C01D7300C2A79E /* Build configuration list for PBXNativeTarget "WarCardUI" */;
			buildPhases = (
				B1D24C4028C01D7000C2A79E /* Sources */,
				B1D24C4128C01D7000C2A79E /* Frameworks */,
				B1D24C4228C01D7000C2A79E /* Resources */,
			);
			buildRules = (
			);
			dependencies = (
			);
			name = WarCardUI;
			productName = WarCardUI;
			productReference = B1D24C4428C01D7000C2A79E /* WarCardUI.app */;
			productType = "com.apple.product-type.application";
		};
		B1D24C5328C01D7200C2A79E /* WarCardUITests */ = {
			isa = PBXNativeTarget;
			buildConfigurationList = B1D24C6B28C01D7300C2A79E /* Build configuration list for PBXNativeTarget "WarCardUITests" */;
			buildPhases = (
				B1D24C5028C01D7200C2A79E /* Sources */,
				B1D24C5128C01D7200C2A79E /* Frameworks */,
				B1D24C5228C01D7200C2A79E /* Resources */,
			);
			buildRules = (
			);
			dependencies = (
				B1D24C5628C01D7200C2A79E /* PBXTargetDependency */,
			);
			name = WarCardUITests;
			productName = WarCardUITests;
			productReference = B1D24C5428C01D7200C2A79E /* WarCardUITests.xctest */;
			productType = "com.apple.product-type.bundle.unit-test";
		};
		B1D24C5D28C01D7200C2A79E /* WarCardUIUITests */ = {
			isa = PBXNativeTarget;
			buildConfigurationList = B1D24C6E28C01D7300C2A79E /* Build configuration list for PBXNativeTarget "WarCardUIUITests" */;
			buildPhases = (
				B1D24C5A28C01D7200C2A79E /* Sources */,
				B1D24C5B28C01D7200C2A79E /* Frameworks */,
				B1D24C5C28C01D7200C2A79E /* Resources */,
			);
			buildRules = (
			);
			dependencies = (
				B1D24C6028C01D7200C2A79E /* PBXTargetDependency */,
			);
			name = WarCardUIUITests;
			productName = WarCardUIUITests;
			productReference = B1D24C5E28C01D7200C2A79E /* WarCardUIUITests.xctest */;
			productType = "com.apple.product-type.bundle.ui-testing";
		};
/* End PBXNativeTarget section */

/* Begin PBXProject section */
		B1D24C3C28C01D7000C2A79E /* Project object */ = {
			isa = PBXProject;
			attributes = {
				BuildIndependentTargetsInParallel = 1;
				LastSwiftUpdateCheck = 1340;
				LastUpgradeCheck = 1340;
				TargetAttributes = {
					B1D24C4328C01D7000C2A79E = {
						CreatedOnToolsVersion = 13.4.1;
					};
					B1D24C5328C01D7200C2A79E = {
						CreatedOnToolsVersion = 13.4.1;
						TestTargetID = B1D24C4328C01D7000C2A79E;
					};
					B1D24C5D28C01D7200C2A79E = {
						CreatedOnToolsVersion = 13.4.1;
						TestTargetID = B1D24C4328C01D7000C2A79E;
					};
				};
			};
			buildConfigurationList = B1D24C3F28C01D7000C2A79E /* Build configuration list for PBXProject "WarCardUI" */;
			compatibilityVersion = "Xcode 13.0";
			developmentRegion = en;
			hasScannedForEncodings = 0;
			knownRegions = (
				en,
				Base,
			);
			mainGroup = B1D24C3B28C01D7000C2A79E;
			productRefGroup = B1D24C4528C01D7000C2A79E /* Products */;
			projectDirPath = "";
			projectRoot = "";
			targets = (
				B1D24C4328C01D7000C2A79E /* WarCardUI */,
				B1D24C5328C01D7200C2A79E /* WarCardUITests */,
				B1D24C5D28C01D7200C2A79E /* WarCardUIUITests */,
			);
		};
/* End PBXProject section */

/* Begin PBXResourcesBuildPhase section */
		B1D24C4228C01D7000C2A79E /* Resources */ = {
			isa = PBXResourcesBuildPhase;
			buildActionMask = 2147483647;
			files = (
				B1D24C4F28C01D7200C2A79E /* Preview Assets.xcassets in Resources */,
				B1D24C4C28C01D7200C2A79E /* Assets.xcassets in Resources */,
			);
			runOnlyForDeploymentPostprocessing = 0;
		};
		B1D24C5228C01D7200C2A79E /* Resources */ = {
			isa = PBXResourcesBuildPhase;
			buildActionMask = 2147483647;
			files = (
			);
			runOnlyForDeploymentPostprocessing = 0;
		};
		B1D24C5C28C01D7200C2A79E /* Resources */ = {
			isa = PBXResourcesBuildPhase;
			buildActionMask = 2147483647;
			files = (
			);
			runOnlyForDeploymentPostprocessing = 0;
		};
/* End PBXResourcesBuildPhase section */

/* Begin PBXSourcesBuildPhase section */
		B1D24C4028C01D7000C2A79E /* Sources */ = {
			isa = PBXSourcesBuildPhase;
			buildActionMask = 2147483647;
			files = (
				B1D24C4A28C01D7000C2A79E /* ContentView.swift in Sources */,
				B1D24C4828C01D7000C2A79E /* WarCardUIApp.swift in Sources */,
			);
			runOnlyForDeploymentPostprocessing = 0;
		};
		B1D24C5028C01D7200C2A79E /* Sources */ = {
			isa = PBXSourcesBuildPhase;
			buildActionMask = 2147483647;
			files = (
				B1D24C5928C01D7200C2A79E /* WarCardUITests.swift in Sources */,
			);
			runOnlyForDeploymentPostprocessing = 0;
		};
		B1D24C5A28C01D7200C2A79E /* Sources */ = {
			isa = PBXSourcesBuildPhase;
			buildActionMask = 2147483647;
			files = (
				B1D24C6328C01D7200C2A79E /* WarCardUIUITests.swift in Sources */,
				B1D24C6528C01D7300C2A79E /* WarCardUIUITestsLaunchTests.swift in Sources */,
			);
			runOnlyForDeploymentPostprocessing = 0;
		};
/* End PBXSourcesBuildPhase section */

/* Begin PBXTargetDependency section */
		B1D24C5628C01D7200C2A79E /* PBXTargetDependency */ = {
			isa = PBXTargetDependency;
			target = B1D24C4328C01D7000C2A79E /* WarCardUI */;
			targetProxy = B1D24C5528C01D7200C2A79E /* PBXContainerItemProxy */;
		};
		B1D24C6028C01D7200C2A79E /* PBXTargetDependency */ = {
			isa = PBXTargetDependency;
			target = B1D24C4328C01D7000C2A79E /* WarCardUI */;
			targetProxy = B1D24C5F28C01D7200C2A79E /* PBXContainerItemProxy */;
		};
/* End PBXTargetDependency section */

/* Begin XCBuildConfiguration section */
		B1D24C6628C01D7300C2A79E /* Debug */ = {
			isa = XCBuildConfiguration;
			buildSettings = {
				ALWAYS_SEARCH_USER_PATHS = NO;
				CLANG_ANALYZER_NONNULL = YES;
				CLANG_ANALYZER_NUMBER_OBJECT_CONVERSION = YES_AGGRESSIVE;
				CLANG_CXX_LANGUAGE_STANDARD = "gnu++17";
				CLANG_ENABLE_MODULES = YES;
				CLANG_ENABLE_OBJC_ARC = YES;
				CLANG_ENABLE_OBJC_WEAK = YES;
				CLANG_WARN_BLOCK_CAPTURE_AUTORELEASING = YES;
				CLANG_WARN_BOOL_CONVERSION = YES;
				CLANG_WARN_COMMA = YES;
				CLANG_WARN_CONSTANT_CONVERSION = YES;
				CLANG_WARN_DEPRECATED_OBJC_IMPLEMENTATIONS = YES;
				CLANG_WARN_DIRECT_OBJC_ISA_USAGE = YES_ERROR;
				CLANG_WARN_DOCUMENTATION_COMMENTS = YES;
				CLANG_WARN_EMPTY_BODY = YES;
				CLANG_WARN_ENUM_CONVERSION = YES;
				CLANG_WARN_INFINITE_RECURSION = YES;
				CLANG_WARN_INT_CONVERSION = YES;
				CLANG_WARN_NON_LITERAL_NULL_CONVERSION = YES;
				CLANG_WARN_OBJC_IMPLICIT_RETAIN_SELF = YES;
				CLANG_WARN_OBJC_LITERAL_CONVERSION = YES;
				CLANG_WARN_OBJC_ROOT_CLASS = YES_ERROR;
				CLANG_WARN_QUOTED_INCLUDE_IN_FRAMEWORK_HEADER = YES;
				CLANG_WARN_RANGE_LOOP_ANALYSIS = YES;
				CLANG_WARN_STRICT_PROTOTYPES = YES;
				CLANG_WARN_SUSPICIOUS_MOVE = YES;
				CLANG_WARN_UNGUARDED_AVAILABILITY = YES_AGGRESSIVE;
				CLANG_WARN_UNREACHABLE_CODE = YES;
				CLANG_WARN__DUPLICATE_METHOD_MATCH = YES;
				COPY_PHASE_STRIP = NO;
				DEBUG_INFORMATION_FORMAT = dwarf;
				ENABLE_STRICT_OBJC_MSGSEND = YES;
				ENABLE_TESTABILITY = YES;
				GCC_C_LANGUAGE_STANDARD = gnu11;
				GCC_DYNAMIC_NO_PIC = NO;
				GCC_NO_COMMON_BLOCKS = YES;
				GCC_OPTIMIZATION_LEVEL = 0;
				GCC_PREPROCESSOR_DEFINITIONS = (
					"DEBUG=1",
					"$(inherited)",
				);
				GCC_WARN_64_TO_32_BIT_CONVERSION = YES;
				GCC_WARN_ABOUT_RETURN_TYPE = YES_ERROR;
				GCC_WARN_UNDECLARED_SELECTOR = YES;
				GCC_WARN_UNINITIALIZED_AUTOS = YES_AGGRESSIVE;
				GCC_WARN_UNUSED_FUNCTION = YES;
				GCC_WARN_UNUSED_VARIABLE = YES;
				IPHONEOS_DEPLOYMENT_TARGET = 15.5;
				MTL_ENABLE_DEBUG_INFO = INCLUDE_SOURCE;
				MTL_FAST_MATH = YES;
				ONLY_ACTIVE_ARCH = YES;
				SDKROOT = iphoneos;
				SWIFT_ACTIVE_COMPILATION_CONDITIONS = DEBUG;
				SWIFT_OPTIMIZATION_LEVEL = "-Onone";
			};
			name = Debug;
		};
		B1D24C6728C01D7300C2A79E /* Release */ = {
			isa = XCBuildConfiguration;
			buildSettings = {
				ALWAYS_SEARCH_USER_PATHS = NO;
				CLANG_ANALYZER_NONNULL = YES;
				CLANG_ANALYZER_NUMBER_OBJECT_CONVERSION = YES_AGGRESSIVE;
				CLANG_CXX_LANGUAGE_STANDARD = "gnu++17";
				CLANG_ENABLE_MODULES = YES;
				CLANG_ENABLE_OBJC_ARC = YES;
				CLANG_ENABLE_OBJC_WEAK = YES;
				CLANG_WARN_BLOCK_CAPTURE_AUTORELEASING = YES;
				CLANG_WARN_BOOL_CONVERSION = YES;
				CLANG_WARN_COMMA = YES;
				CLANG_WARN_CONSTANT_CONVERSION = YES;
				CLANG_WARN_DEPRECATED_OBJC_IMPLEMENTATIONS = YES;
				CLANG_WARN_DIRECT_OBJC_ISA_USAGE = YES_ERROR;
				CLANG_WARN_DOCUMENTATION_COMMENTS = YES;
				CLANG_WARN_EMPTY_BODY = YES;
				CLANG_WARN_ENUM_CONVERSION = YES;
				CLANG_WARN_INFINITE_RECURSION = YES;
				CLANG_WARN_INT_CONVERSION = YES;
				CLANG_WARN_NON_LITERAL_NULL_CONVERSION = YES;
				CLANG_WARN_OBJC_IMPLICIT_RETAIN_SELF = YES;
				CLANG_WARN_OBJC_LITERAL_CONVERSION = YES;
				CLANG_WARN_OBJC_ROOT_CLASS = YES_ERROR;
				CLANG_WARN_QUOTED_INCLUDE_IN_FRAMEWORK_HEADER = YES;
				CLANG_WARN_RANGE_LOOP_ANALYSIS = YES;
				CLANG_WARN_STRICT_PROTOTYPES = YES;
				CLANG_WARN_SUSPICIOUS_MOVE = YES;
				CLANG_WARN_UNGUARDED_AVAILABILITY = YES_AGGRESSIVE;
				CLANG_WARN_UNREACHABLE_CODE = YES;
				CLANG_WARN__DUPLICATE_METHOD_MATCH = YES;
				COPY_PHASE_STRIP = NO;
				DEBUG_INFORMATION_FORMAT = "dwarf-with-dsym";
				ENABLE_NS_ASSERTIONS = NO;
				ENABLE_STRICT_OBJC_MSGSEND = YES;
				GCC_C_LANGUAGE_STANDARD = gnu11;
				GCC_NO_COMMON_BLOCKS = YES;
				GCC_WARN_64_TO_32_BIT_CONVERSION = YES;
				GCC_WARN_ABOUT_RETURN_TYPE = YES_ERROR;
				GCC_WARN_UNDECLARED_SELECTOR = YES;
				GCC_WARN_UNINITIALIZED_AUTOS = YES_AGGRESSIVE;
				GCC_WARN_UNUSED_FUNCTION = YES;
				GCC_WARN_UNUSED_VARIABLE = YES;
				IPHONEOS_DEPLOYMENT_TARGET = 15.5;
				MTL_ENABLE_DEBUG_INFO = NO;
				MTL_FAST_MATH = YES;
				SDKROOT = iphoneos;
				SWIFT_COMPILATION_MODE = wholemodule;
				SWIFT_OPTIMIZATION_LEVEL = "-O";
				VALIDATE_PRODUCT = YES;
			};
			name = Release;
		};
		B1D24C6928C01D7300C2A79E /* Debug */ = {
			isa = XCBuildConfiguration;
			buildSettings = {
				ASSETCATALOG_COMPILER_APPICON_NAME = AppIcon;
				ASSETCATALOG_COMPILER_GLOBAL_ACCENT_COLOR_NAME = AccentColor;
				CODE_SIGN_STYLE = Automatic;
				CURRENT_PROJECT_VERSION = 1;
				DEVELOPMENT_ASSET_PATHS = "\"WarCardUI/Preview Content\"";
				ENABLE_PREVIEWS = YES;
				GENERATE_INFOPLIST_FILE = YES;
				INFOPLIST_KEY_UIApplicationSceneManifest_Generation = YES;
				INFOPLIST_KEY_UIApplicationSupportsIndirectInputEvents = YES;
				INFOPLIST_KEY_UILaunchScreen_Generation = YES;
				INFOPLIST_KEY_UISupportedInterfaceOrientations_iPad = "UIInterfaceOrientationPortrait UIInterfaceOrientationPortraitUpsideDown UIInterfaceOrientationLandscapeLeft UIInterfaceOrientationLandscapeRight";
				INFOPLIST_KEY_UISupportedInterfaceOrientations_iPhone = "UIInterfaceOrientationPortrait UIInterfaceOrientationLandscapeLeft UIInterfaceOrientationLandscapeRight";
				LD_RUNPATH_SEARCH_PATHS = (
					"$(inherited)",
					"@executable_path/Frameworks",
				);
				MARKETING_VERSION = 1.0;
				PRODUCT_BUNDLE_IDENTIFIER = "L-atelier-du-Pingouin.WarCardUI";
				PRODUCT_NAME = "$(TARGET_NAME)";
				SWIFT_EMIT_LOC_STRINGS = YES;
				SWIFT_VERSION = 5.0;
				TARGETED_DEVICE_FAMILY = "1,2";
			};
			name = Debug;
		};
		B1D24C6A28C01D7300C2A79E /* Release */ = {
			isa = XCBuildConfiguration;
			buildSettings = {
				ASSETCATALOG_COMPILER_APPICON_NAME = AppIcon;
				ASSETCATALOG_COMPILER_GLOBAL_ACCENT_COLOR_NAME = AccentColor;
				CODE_SIGN_STYLE = Automatic;
				CURRENT_PROJECT_VERSION = 1;
				DEVELOPMENT_ASSET_PATHS = "\"WarCardUI/Preview Content\"";
				ENABLE_PREVIEWS = YES;
				GENERATE_INFOPLIST_FILE = YES;
				INFOPLIST_KEY_UIApplicationSceneManifest_Generation = YES;
				INFOPLIST_KEY_UIApplicationSupportsIndirectInputEvents = YES;
				INFOPLIST_KEY_UILaunchScreen_Generation = YES;
				INFOPLIST_KEY_UISupportedInterfaceOrientations_iPad = "UIInterfaceOrientationPortrait UIInterfaceOrientationPortraitUpsideDown UIInterfaceOrientationLandscapeLeft UIInterfaceOrientationLandscapeRight";
				INFOPLIST_KEY_UISupportedInterfaceOrientations_iPhone = "UIInterfaceOrientationPortrait UIInterfaceOrientationLandscapeLeft UIInterfaceOrientationLandscapeRight";
				LD_RUNPATH_SEARCH_PATHS = (
					"$(inherited)",
					"@executable_path/Frameworks",
				);
				MARKETING_VERSION = 1.0;
				PRODUCT_BUNDLE_IDENTIFIER = "L-atelier-du-Pingouin.WarCardUI";
				PRODUCT_NAME = "$(TARGET_NAME)";
				SWIFT_EMIT_LOC_STRINGS = YES;
				SWIFT_VERSION = 5.0;
				TARGETED_DEVICE_FAMILY = "1,2";
			};
			name = Release;
		};
		B1D24C6C28C01D7300C2A79E /* Debug */ = {
			isa = XCBuildConfiguration;
			buildSettings = {
				ALWAYS_EMBED_SWIFT_STANDARD_LIBRARIES = YES;
				BUNDLE_LOADER = "$(TEST_HOST)";
				CODE_SIGN_STYLE = Automatic;
				CURRENT_PROJECT_VERSION = 1;
				GENERATE_INFOPLIST_FILE = YES;
				IPHONEOS_DEPLOYMENT_TARGET = 15.5;
				MARKETING_VERSION = 1.0;
				PRODUCT_BUNDLE_IDENTIFIER = "L-atelier-du-Pingouin.WarCardUITests";
				PRODUCT_NAME = "$(TARGET_NAME)";
				SWIFT_EMIT_LOC_STRINGS = NO;
				SWIFT_VERSION = 5.0;
				TARGETED_DEVICE_FAMILY = "1,2";
				TEST_HOST = "$(BUILT_PRODUCTS_DIR)/WarCardUI.app/WarCardUI";
			};
			name = Debug;
		};
		B1D24C6D28C01D7300C2A79E /* Release */ = {
			isa = XCBuildConfiguration;
			buildSettings = {
				ALWAYS_EMBED_SWIFT_STANDARD_LIBRARIES = YES;
				BUNDLE_LOADER = "$(TEST_HOST)";
				CODE_SIGN_STYLE = Automatic;
				CURRENT_PROJECT_VERSION = 1;
				GENERATE_INFOPLIST_FILE = YES;
				IPHONEOS_DEPLOYMENT_TARGET = 15.5;
				MARKETING_VERSION = 1.0;
				PRODUCT_BUNDLE_IDENTIFIER = "L-atelier-du-Pingouin.WarCardUITests";
				PRODUCT_NAME = "$(TARGET_NAME)";
				SWIFT_EMIT_LOC_STRINGS = NO;
				SWIFT_VERSION = 5.0;
				TARGETED_DEVICE_FAMILY = "1,2";
				TEST_HOST = "$(BUILT_PRODUCTS_DIR)/WarCardUI.app/WarCardUI";
			};
			name = Release;
		};
		B1D24C6F28C01D7300C2A79E /* Debug */ = {
			isa = XCBuildConfiguration;
			buildSettings = {
				ALWAYS_EMBED_SWIFT_STANDARD_LIBRARIES = YES;
				CODE_SIGN_STYLE = Automatic;
				CURRENT_PROJECT_VERSION = 1;
				GENERATE_INFOPLIST_FILE = YES;
				MARKETING_VERSION = 1.0;
				PRODUCT_BUNDLE_IDENTIFIER = "L-atelier-du-Pingouin.WarCardUIUITests";
				PRODUCT_NAME = "$(TARGET_NAME)";
				SWIFT_EMIT_LOC_STRINGS = NO;
				SWIFT_VERSION = 5.0;
				TARGETED_DEVICE_FAMILY = "1,2";
				TEST_TARGET_NAME = WarCardUI;
			};
			name = Debug;
		};
		B1D24C7028C01D7300C2A79E /* Release */ = {
			isa = XCBuildConfiguration;
			buildSettings = {
				ALWAYS_EMBED_SWIFT_STANDARD_LIBRARIES = YES;
				CODE_SIGN_STYLE = Automatic;
				CURRENT_PROJECT_VERSION = 1;
				GENERATE_INFOPLIST_FILE = YES;
				MARKETING_VERSION = 1.0;
				PRODUCT_BUNDLE_IDENTIFIER = "L-atelier-du-Pingouin.WarCardUIUITests";
				PRODUCT_NAME = "$(TARGET_NAME)";
				SWIFT_EMIT_LOC_STRINGS = NO;
				SWIFT_VERSION = 5.0;
				TARGETED_DEVICE_FAMILY = "1,2";
				TEST_TARGET_NAME = WarCardUI;
			};
			name = Release;
		};
/* End XCBuildConfiguration section */

/* Begin XCConfigurationList section */
		B1D24C3F28C01D7000C2A79E /* Build configuration list for PBXProject "WarCardUI" */ = {
			isa = XCConfigurationList;
			buildConfigurations = (
				B1D24C6628C01D7300C2A79E /* Debug */,
				B1D24C6728C01D7300C2A79E /* Release */,
			);
			defaultConfigurationIsVisible = 0;
			defaultConfigurationName = Release;
		};
		B1D24C6828C01D7300C2A79E /* Build configuration list for PBXNativeTarget "WarCardUI" */ = {
			isa = XCConfigurationList;
			buildConfigurations = (
				B1D24C6928C01D7300C2A79E /* Debug */,
				B1D24C6A28C01D7300C2A79E /* Release */,
			);
			defaultConfigurationIsVisible = 0;
			defaultConfigurationName = Release;
		};
		B1D24C6B28C01D7300C2A79E /* Build configuration list for PBXNativeTarget "WarCardUITests" */ = {
			isa = XCConfigurationList;
			buildConfigurations = (
				B1D24C6C28C01D7300C2A79E /* Debug */,
				B1D24C6D28C01D7300C2A79E /* Release */,
			);
			defaultConfigurationIsVisible = 0;
			defaultConfigurationName = Release;
		};
		B1D24C6E28C01D7300C2A79E /* Build configuration list for PBXNativeTarget "WarCardUIUITests" */ = {
			isa = XCConfigurationList;
			buildConfigurations = (
				B1D24C6F28C01D7300C2A79E /* Debug */,
				B1D24C7028C01D7300C2A79E /* Release */,
			);
			defaultConfigurationIsVisible = 0;
			defaultConfigurationName = Release;
		};
/* End XCConfigurationList section */
	};
	rootObject = B1D24C3C28C01D7000C2A79E /* Project object */;
}
